
Microsoft Visual Studio Solution File, Format Version 12.00
# Visual Studio Version 16
VisualStudioVersion = 16.0.30011.22
MinimumVisualStudioVersion = 10.0.40219.1
Project("{FAE04EC0-301F-11D3-BF4B-00C04F79EFBC}") = "Game.API", "Game.API\Game.API.csproj", "{C567E00B-6D96-45E1-AE6F-D506A7F5B684}"
EndProject
Project("{FAE04EC0-301F-11D3-BF4B-00C04F79EFBC}") = "Game.Models", "Game.Models\Game.Models.csproj", "{C560F258-3527-4201-93BF-30DCB92C86E1}"
EndProject
Project("{FAE04EC0-301F-11D3-BF4B-00C04F79EFBC}") = "Game.Data", "Game.Data\Game.Data.csproj", "{A07B87C7-4AF9-429D-853F-C4A8AB787A7C}"
EndProject
Project("{FAE04EC0-301F-11D3-BF4B-00C04F79EFBC}") = "Game.Services", "Game.Services\Game.Services.csproj", "{117CE6A3-F80B-4858-BE7D-87F9589ECC0D}"
EndProject
Project("{FAE04EC0-301F-11D3-BF4B-00C04F79EFBC}") = "Game.Contracts", "Game.Contracts\Game.Contracts.csproj", "{4A5DBEBE-1CB9-4164-A8A2-56010C81E1F4}"
EndProject
Global
	GlobalSection(SolutionConfigurationPlatforms) = preSolution
		Debug|Any CPU = Debug|Any CPU
		Release|Any CPU = Release|Any CPU
	EndGlobalSection
	GlobalSection(ProjectConfigurationPlatforms) = postSolution
		{C567E00B-6D96-45E1-AE6F-D506A7F5B684}.Debug|Any CPU.ActiveCfg = Debug|Any CPU
		{C567E00B-6D96-45E1-AE6F-D506A7F5B684}.Debug|Any CPU.Build.0 = Debug|Any CPU
		{C567E00B-6D96-45E1-AE6F-D506A7F5B684}.Release|Any CPU.ActiveCfg = Release|Any CPU
		{C567E00B-6D96-45E1-AE6F-D506A7F5B684}.Release|Any CPU.Build.0 = Release|Any CPU
		{C560F258-3527-4201-93BF-30DCB92C86E1}.Debug|Any CPU.ActiveCfg = Debug|Any CPU
		{C560F258-3527-4201-93BF-30DCB92C86E1}.Debug|Any CPU.Build.0 = Debug|Any CPU
		{C560F258-3527-4201-93BF-30DCB92C86E1}.Release|Any CPU.ActiveCfg = Release|Any CPU
		{C560F258-3527-4201-93BF-30DCB92C86E1}.Release|Any CPU.Build.0 = Release|Any CPU
		{A07B87C7-4AF9-429D-853F-C4A8AB787A7C}.Debug|Any CPU.ActiveCfg = Debug|Any CPU
		{A07B87C7-4AF9-429D-853F-C4A8AB787A7C}.Debug|Any CPU.Build.0 = Debug|Any CPU
		{A07B87C7-4AF9-429D-853F-C4A8AB787A7C}.Release|Any CPU.ActiveCfg = Release|Any CPU
		{A07B87C7-4AF9-429D-853F-C4A8AB787A7C}.Release|Any CPU.Build.0 = Release|Any CPU
		{117CE6A3-F80B-4858-BE7D-87F9589ECC0D}.Debug|Any CPU.ActiveCfg = Debug|Any CPU
		{117CE6A3-F80B-4858-BE7D-87F9589ECC0D}.Debug|Any CPU.Build.0 = Debug|Any CPU
		{117CE6A3-F80B-4858-BE7D-87F9589ECC0D}.Release|Any CPU.ActiveCfg = Release|Any CPU
		{117CE6A3-F80B-4858-BE7D-87F9589ECC0D}.Release|Any CPU.Build.0 = Release|Any CPU
		{4A5DBEBE-1CB9-4164-A8A2-56010C81E1F4}.Debug|Any CPU.ActiveCfg = Debug|Any CPU
		{4A5DBEBE-1CB9-4164-A8A2-56010C81E1F4}.Debug|Any CPU.Build.0 = Debug|Any CPU
		{4A5DBEBE-1CB9-4164-A8A2-56010C81E1F4}.Release|Any CPU.ActiveCfg = Release|Any CPU
		{4A5DBEBE-1CB9-4164-A8A2-56010C81E1F4}.Release|Any CPU.Build.0 = Release|Any CPU
	EndGlobalSection
	GlobalSection(SolutionProperties) = preSolution
		HideSolutionNode = FALSE
	EndGlobalSection
	GlobalSection(ExtensibilityGlobals) = postSolution
		SolutionGuid = {0EF20AE0-8490-4010-B547-66B57C121CA1}
	EndGlobalSection
EndGlobal
